
Microsoft Visual Studio Solution File, Format Version 12.00
# Visual Studio Version 17
VisualStudioVersion = 17.3.32825.248
MinimumVisualStudioVersion = 10.0.40219.1
Project("{9A19103F-16F7-4668-BE54-9A1E7A4F7556}") = "Cefalo.TechTalk.Api", "Cefalo.TechTalk.Api.csproj", "{DC5DD2C5-879E-41D5-A1C5-1651F307FC43}"
EndProject
Project("{9A19103F-16F7-4668-BE54-9A1E7A4F7556}") = "Cefalo.TechTalk.Database", "..\Cefalo.TechTalk.Database\Cefalo.TechTalk.Database.csproj", "{BE9A035E-D7C2-46D9-A656-3B1603A5C417}"
EndProject
Project("{9A19103F-16F7-4668-BE54-9A1E7A4F7556}") = "Cefalo.TechTalk.Service", "..\Cefalo.TechTalk.Service\Cefalo.TechTalk.Service.csproj", "{ACC9C6E6-5F1B-4B79-B64F-34D6081BE82E}"
EndProject
Project("{9A19103F-16F7-4668-BE54-9A1E7A4F7556}") = "Cefalo.TechTalk.Repository", "..\Cefalo.TechTalk.Repository\Cefalo.TechTalk.Repository.csproj", "{16F56C21-CCFF-4D0A-96C6-2107F265B549}"
EndProject
Project("{FAE04EC0-301F-11D3-BF4B-00C04F79EFBC}") = "Cefalo.TechTalk.Service.UnitTests", "..\Cefalo.TechTalk.Service.UnitTests\Cefalo.TechTalk.Service.UnitTests.csproj", "{49E5F411-C2B3-42F8-8372-41C2A951891C}"
EndProject
Global
	GlobalSection(SolutionConfigurationPlatforms) = preSolution
		Debug|Any CPU = Debug|Any CPU
		Release|Any CPU = Release|Any CPU
	EndGlobalSection
	GlobalSection(ProjectConfigurationPlatforms) = postSolution
		{DC5DD2C5-879E-41D5-A1C5-1651F307FC43}.Debug|Any CPU.ActiveCfg = Debug|Any CPU
		{DC5DD2C5-879E-41D5-A1C5-1651F307FC43}.Debug|Any CPU.Build.0 = Debug|Any CPU
		{DC5DD2C5-879E-41D5-A1C5-1651F307FC43}.Release|Any CPU.ActiveCfg = Release|Any CPU
		{DC5DD2C5-879E-41D5-A1C5-1651F307FC43}.Release|Any CPU.Build.0 = Release|Any CPU
		{BE9A035E-D7C2-46D9-A656-3B1603A5C417}.Debug|Any CPU.ActiveCfg = Debug|Any CPU
		{BE9A035E-D7C2-46D9-A656-3B1603A5C417}.Debug|Any CPU.Build.0 = Debug|Any CPU
		{BE9A035E-D7C2-46D9-A656-3B1603A5C417}.Release|Any CPU.ActiveCfg = Release|Any CPU
		{BE9A035E-D7C2-46D9-A656-3B1603A5C417}.Release|Any CPU.Build.0 = Release|Any CPU
		{ACC9C6E6-5F1B-4B79-B64F-34D6081BE82E}.Debug|Any CPU.ActiveCfg = Debug|Any CPU
		{ACC9C6E6-5F1B-4B79-B64F-34D6081BE82E}.Debug|Any CPU.Build.0 = Debug|Any CPU
		{ACC9C6E6-5F1B-4B79-B64F-34D6081BE82E}.Release|Any CPU.ActiveCfg = Release|Any CPU
		{ACC9C6E6-5F1B-4B79-B64F-34D6081BE82E}.Release|Any CPU.Build.0 = Release|Any CPU
		{16F56C21-CCFF-4D0A-96C6-2107F265B549}.Debug|Any CPU.ActiveCfg = Debug|Any CPU
		{16F56C21-CCFF-4D0A-96C6-2107F265B549}.Debug|Any CPU.Build.0 = Debug|Any CPU
		{16F56C21-CCFF-4D0A-96C6-2107F265B549}.Release|Any CPU.ActiveCfg = Release|Any CPU
		{16F56C21-CCFF-4D0A-96C6-2107F265B549}.Release|Any CPU.Build.0 = Release|Any CPU
		{49E5F411-C2B3-42F8-8372-41C2A951891C}.Debug|Any CPU.ActiveCfg = Debug|Any CPU
		{49E5F411-C2B3-42F8-8372-41C2A951891C}.Debug|Any CPU.Build.0 = Debug|Any CPU
		{49E5F411-C2B3-42F8-8372-41C2A951891C}.Release|Any CPU.ActiveCfg = Release|Any CPU
		{49E5F411-C2B3-42F8-8372-41C2A951891C}.Release|Any CPU.Build.0 = Release|Any CPU
	EndGlobalSection
	GlobalSection(SolutionProperties) = preSolution
		HideSolutionNode = FALSE
	EndGlobalSection
	GlobalSection(ExtensibilityGlobals) = postSolution
		SolutionGuid = {B3CB744C-1DA9-4272-B733-CBB2A74B7DCE}
	EndGlobalSection
EndGlobal
